{
  "version": "2",
  "remote": {
    "https://deno.land/std@0.152.0/_deno_unstable.ts": "be3276fd42cffb49f51b705c4b0aa8656aaf2a34be22d769455c8e50ea38e51a",
    "https://deno.land/std@0.152.0/_util/assert.ts": "e94f2eb37cebd7f199952e242c77654e43333c1ac4c5c700e929ea3aa5489f74",
    "https://deno.land/std@0.152.0/_util/os.ts": "3b4c6e27febd119d36a416d7a97bd3b0251b77c88942c8f16ee5953ea13e2e49",
    "https://deno.land/std@0.152.0/async/abortable.ts": "87aa7230be8360c24ad437212311c9e8d4328854baec27b4c7abb26e85515c06",
    "https://deno.land/std@0.152.0/async/deadline.ts": "48ac998d7564969f3e6ec6b6f9bf0217ebd00239b1b2292feba61272d5dd58d0",
    "https://deno.land/std@0.152.0/async/debounce.ts": "564273ef242bcfcda19a439132f940db8694173abffc159ea34f07d18fc42620",
    "https://deno.land/std@0.152.0/async/deferred.ts": "bc18e28108252c9f67dfca2bbc4587c3cbf3aeb6e155f8c864ca8ecff992b98a",
    "https://deno.land/std@0.152.0/async/delay.ts": "cbbdf1c87d1aed8edc7bae13592fb3e27e3106e0748f089c263390d4f49e5f6c",
    "https://deno.land/std@0.152.0/async/mod.ts": "dd0a8ed4f3984ffabe2fcca7c9f466b7932d57b1864ffee148a5d5388316db6b",
    "https://deno.land/std@0.152.0/async/mux_async_iterator.ts": "5b4aca6781ad0f2e19ccdf1d1a1c092ccd3e00d52050d9c27c772658c8367256",
    "https://deno.land/std@0.152.0/async/pool.ts": "ef9eb97b388543acbf0ac32647121e4dbe629236899586c4d4311a8770fbb239",
    "https://deno.land/std@0.152.0/async/tee.ts": "bcfae0017ebb718cf4eef9e2420e8675d91cb1bcc0ed9b668681af6e6caad846",
    "https://deno.land/std@0.152.0/bytes/bytes_list.ts": "aba5e2369e77d426b10af1de0dcc4531acecec27f9b9056f4f7bfbf8ac147ab4",
    "https://deno.land/std@0.152.0/bytes/equals.ts": "3c3558c3ae85526f84510aa2b48ab2ad7bdd899e2e0f5b7a8ffc85acb3a6043a",
    "https://deno.land/std@0.152.0/bytes/mod.ts": "763f97d33051cc3f28af1a688dfe2830841192a9fea0cbaa55f927b49d49d0bf",
    "https://deno.land/std@0.152.0/crypto/timing_safe_equal.ts": "82a29b737bc8932d75d7a20c404136089d5d23629e94ba14efa98a8cc066c73e",
    "https://deno.land/std@0.152.0/encoding/base64.ts": "c57868ca7fa2fbe919f57f88a623ad34e3d970d675bdc1ff3a9d02bba7409db2",
    "https://deno.land/std@0.152.0/encoding/base64url.ts": "a5f82a9fa703bd85a5eb8e7c1296bc6529e601ebd9642cc2b5eaa6b38fa9e05a",
    "https://deno.land/std@0.152.0/flags/mod.ts": "34bb4148ad1cbdf1e3d20e1541f36c8a5b47205e3a5ee4e62a71eab89215011b",
    "https://deno.land/std@0.152.0/fmt/colors.ts": "6f9340b7fb8cc25a993a99e5efc56fe81bb5af284ff412129dd06df06f53c0b4",
    "https://deno.land/std@0.152.0/fmt/printf.ts": "299987dca9b17dc6408488c5f137560c7a9cb738b1d9e0b969dcd507bedaf506",
    "https://deno.land/std@0.152.0/fs/exists.ts": "cb734d872f8554ea40b8bff77ad33d4143c1187eac621a55bf37781a43c56f6d",
    "https://deno.land/std@0.152.0/io/buffer.ts": "bd0c4bf53db4b4be916ca5963e454bddfd3fcd45039041ea161dbf826817822b",
    "https://deno.land/std@0.152.0/io/types.d.ts": "0cae3a62da7a37043661746c65c021058bae020b54e50c0e774916e5d4baee43",
    "https://deno.land/std@0.152.0/node/_buffer.d.ts": "90f674081428a61978b6d481c5f557ff743a3f4a85d7ae113caab48fdf5b8a63",
    "https://deno.land/std@0.152.0/node/_buffer.mjs": "4e3e6b0f0613300340705a99a1998c655ba22bf08644c49df21f4aaa44e951d0",
    "https://deno.land/std@0.152.0/node/_core.ts": "83860ad91022fe1ed759acc3f012dd7e2a4258bd4ee7eab8332110cba0d0be10",
    "https://deno.land/std@0.152.0/node/_events.d.ts": "5b6d1a7931eb692d3b64018e7a3f57310284d3bf467aa2e6371c65bb626c1859",
    "https://deno.land/std@0.152.0/node/_events.mjs": "a87d6bc0e2a139ce1bb89e56fe36969dc960c1af70b6d5fafaab8782659c57a0",
    "https://deno.land/std@0.152.0/node/_fs/_fs_access.ts": "0700488320d37208d000b94767ab37208d469550767edab69b65b09a330f245d",
    "https://deno.land/std@0.152.0/node/_fs/_fs_appendFile.ts": "5dca59d7f2ec33316d75da3d6a12d39f5c35b429bddf83f4b2c030b3a289d4b3",
    "https://deno.land/std@0.152.0/node/_fs/_fs_chmod.ts": "8fc25677b82a2643686e6f8270a8f1bee87dd60986334591450699e199dac7d5",
    "https://deno.land/std@0.152.0/node/_fs/_fs_chown.ts": "57858c54d376648fc3c8cf5a8ad4f7f19fb153b75fac3ed41df0332d757e7de9",
    "https://deno.land/std@0.152.0/node/_fs/_fs_close.ts": "01936654df45b3acdbe2d3a809f1502d803694c18a6874c3143ef8a63b439ee6",
    "https://deno.land/std@0.152.0/node/_fs/_fs_common.ts": "6a373d1583d9ec5cc7a8ff1072d77dc999e35282a320b7477038a2b209c304d3",
    "https://deno.land/std@0.152.0/node/_fs/_fs_constants.ts": "5c20b190fc6b7cfdaf12a30ba545fc787db2c7bbe87ed5b890da99578116a339",
    "https://deno.land/std@0.152.0/node/_fs/_fs_copy.ts": "675eb02a2dfc20dab1186bf6ed0a33b1abae656f440bc0a3ce74f385e0052eef",
    "https://deno.land/std@0.152.0/node/_fs/_fs_dir.ts": "0d3f95be40639341e9fd4c4c249bcc7e369684ac9e82aeb41403ca0f1c123984",
    "https://deno.land/std@0.152.0/node/_fs/_fs_dirent.ts": "649c0a794e7b8d930cdd7e6a168b404aa0448bf784e0cfbe1bd6d25b99052273",
    "https://deno.land/std@0.152.0/node/_fs/_fs_exists.ts": "25565c19247c0d87e2b62b87c2889474527adc50dbc7f900f2253ae72e8fedf9",
    "https://deno.land/std@0.152.0/node/_fs/_fs_fdatasync.ts": "bbd078fea6c62c64d898101d697aefbfbb722797a75e328a82c2a4f2e7eb963d",
    "https://deno.land/std@0.152.0/node/_fs/_fs_fstat.ts": "559ff6ff094337db37b0f3108aeaecf42672795af45b206adbd90105afebf9c6",
    "https://deno.land/std@0.152.0/node/_fs/_fs_fsync.ts": "590be69ce5363dd4f8867f244cfabe8df89d40f86bbbe44fd00d69411d0b798e",
    "https://deno.land/std@0.152.0/node/_fs/_fs_ftruncate.ts": "8eb2a9fcf026bd9b85dc07a22bc452c48db4be05ab83f5f2b6a0549e15c1f75f",
    "https://deno.land/std@0.152.0/node/_fs/_fs_futimes.ts": "c753cb9e9f129a11d1110ed43905b8966ac2a1d362ed69d5a34bb44513b00082",
    "https://deno.land/std@0.152.0/node/_fs/_fs_link.ts": "3f9ccce31c2e56284fbcf2c65ec2e6fed1d9e67a9997410223486ac5092888e3",
    "https://deno.land/std@0.152.0/node/_fs/_fs_lstat.ts": "571cea559d270e3b2e7fc585b0eb051899f6d0e54b1786f5e2cee3e9f71e7f27",
    "https://deno.land/std@0.152.0/node/_fs/_fs_mkdir.ts": "68421a23b6d3c2d0142a6d0b3ccdd87903f9c8f98d6754aba554ab4c6b435bb8",
    "https://deno.land/std@0.152.0/node/_fs/_fs_mkdtemp.ts": "86eaec96c63ea178c749fa856115a345e9797baecad22297b9ef98e3d62b90e2",
    "https://deno.land/std@0.152.0/node/_fs/_fs_open.ts": "b1ca72addd2723b2a5a876378e72609fbe168adad2006f5d7b4f1868beef65ca",
    "https://deno.land/std@0.152.0/node/_fs/_fs_read.ts": "3b4ef96aad20f3f29a859125ebeac8c9461574743f70c2a7ef301b8505f7d036",
    "https://deno.land/std@0.152.0/node/_fs/_fs_readFile.ts": "3eae6c930e08c1279d400c0f5a008e6d96949ff3a4f5bf7d43e1b94b94ce3854",
    "https://deno.land/std@0.152.0/node/_fs/_fs_readdir.ts": "a546f01387b7c49ddc1bd78d0e123a9668c710c56cffb4d9577ef46703cab463",
    "https://deno.land/std@0.152.0/node/_fs/_fs_readlink.ts": "e3097c2ad3946d688e70ecf283c2f911bba9faa2f64655e4d4f02d99ed7d4000",
    "https://deno.land/std@0.152.0/node/_fs/_fs_realpath.ts": "3ec236e4ad3c171203043422939973b6a948200ec4802425db41fa60c860dde9",
    "https://deno.land/std@0.152.0/node/_fs/_fs_rename.ts": "3be71e8f43275c349b7abb9343b6e6764df09fabcbd2d316f8ac170ea556c645",
    "https://deno.land/std@0.152.0/node/_fs/_fs_rm.ts": "a9328f99d925d7c74d31361d466ca33475aa7c6d1d6f037a49ce1ed996f0a0b4",
    "https://deno.land/std@0.152.0/node/_fs/_fs_rmdir.ts": "b74007891357e709b37e6721eb355a1c4f25575995bb7c961a3c40f03ebc624c",
    "https://deno.land/std@0.152.0/node/_fs/_fs_stat.ts": "bd47ce0bfc2b867392abc6ec95878ab4f6dddb94af73903d6fa1a02ba3e26af8",
    "https://deno.land/std@0.152.0/node/_fs/_fs_streams.ts": "b06c3c441ac73b82ec787807e5ab5f5b8b39de84f823954f223fe04cb5ee0271",
    "https://deno.land/std@0.152.0/node/_fs/_fs_symlink.ts": "0bddc37c5092f847634bd41cee0b643b9c03fc541c0e635cf35da1fcb4d0f7fa",
    "https://deno.land/std@0.152.0/node/_fs/_fs_truncate.ts": "e2d380f7a81f69c4d4db30c442558ba8d8dea561e5097af41022bb5724e494e5",
    "https://deno.land/std@0.152.0/node/_fs/_fs_unlink.ts": "c537ca98e507972d65f0b113a179b5f5083f0da3e6f9fae29895fd2a9660c18a",
    "https://deno.land/std@0.152.0/node/_fs/_fs_utimes.ts": "c4446b7e39bf6977eca4364360501a97b96db9ea41e0cdf49abddab73481a175",
    "https://deno.land/std@0.152.0/node/_fs/_fs_watch.ts": "d82de4a46189801a37d723b522d5441378392eb42cdf8b509916c81c20440809",
    "https://deno.land/std@0.152.0/node/_fs/_fs_write.d.ts": "deb5c1a98b6cb1aa79f773f3b8fc9410463f0e30fede1ff9df2652fc11b69d35",
    "https://deno.land/std@0.152.0/node/_fs/_fs_write.mjs": "a1f2aae3c64cc86ea8acc83972a07459b4ad0b305fe75e24f1754eacc9d2c537",
    "https://deno.land/std@0.152.0/node/_fs/_fs_writeFile.ts": "79d176021c8ceae0d956763a33834166ebc3f1691ed9219a21674b2374f115c3",
    "https://deno.land/std@0.152.0/node/_fs/_fs_writev.d.ts": "7d41505383522b8fe27d13e4495f0b8621ff514d96b038c53d512dbded42718d",
    "https://deno.land/std@0.152.0/node/_fs/_fs_writev.mjs": "274df0a109010862c8f8b320dc7784de9bd9425fe2a6afd05f1f06f547a25cba",
    "https://deno.land/std@0.152.0/node/_global.d.ts": "6dadaf8cec2a0c506b22170617286e0bdc80be53dd0673e67fc7dd37a1130c68",
    "https://deno.land/std@0.152.0/node/_next_tick.ts": "ec6772f13b0b78edd1b679502501210abdcdd5b170aa6b90ec28dfd67dcd30ae",
    "https://deno.land/std@0.152.0/node/_process/exiting.ts": "bc9694769139ffc596f962087155a8bfef10101d03423b9dcbc51ce6e1f88fce",
    "https://deno.land/std@0.152.0/node/_process/process.ts": "71c22bd237ce970460dfd1e4f14aba42e6762febc31df9f3c505c3d7328b8232",
    "https://deno.land/std@0.152.0/node/_process/stdio.mjs": "971c3b086040d8521562155db13f22f9971d5c42c852b2081d4d2f0d8b6ab6bd",
    "https://deno.land/std@0.152.0/node/_process/streams.mjs": "da4dc14ad62a72d3efbaec6a660567a778653cb1b8d7a0d17fedba909574263d",
    "https://deno.land/std@0.152.0/node/_stream.d.ts": "379e9bbfc59aa8d768f067cc18286c44755255e7e7a1981f8ab6dabc0f3076b3",
    "https://deno.land/std@0.152.0/node/_stream.mjs": "07f6cbabaad0382fb4b9a25e70ac3093a44022b859247f64726746e6373f1c91",
    "https://deno.land/std@0.152.0/node/_util/_util_callbackify.ts": "79928ad80df3e469f7dcdb198118a7436d18a9f6c08bd7a4382332ad25a718cf",
    "https://deno.land/std@0.152.0/node/_utils.ts": "facb40140c9f1e6f23a047071a0d7e00f2be32afe5a7f063f7e55b1bd83f6488",
    "https://deno.land/std@0.152.0/node/buffer.ts": "0e4e409bc03754e99c3e9fbdd10ff50834fd5d6e8654f70efeff054afde58821",
    "https://deno.land/std@0.152.0/node/events.ts": "a1d40fc0dbccc944379ef968b80ea08f9fce579e88b5057fdb64e4f0812476dd",
    "https://deno.land/std@0.152.0/node/fs.ts": "eb4b257e641080f54eaf4fd684f81d2d811c50a1729fc382170ba90cc9a66a80",
    "https://deno.land/std@0.152.0/node/internal/assert.mjs": "118327c8866266534b30d3a36ad978204af7336dc2db3158b8167192918d4e06",
    "https://deno.land/std@0.152.0/node/internal/blob.mjs": "52080b2f40b114203df67f8a6650f9fe3c653912b8b3ef2f31f029853df4db53",
    "https://deno.land/std@0.152.0/node/internal/buffer.mjs": "6662fe7fe517329453545be34cea27a24f8ccd6d09afd4f609f11ade2b6dfca7",
    "https://deno.land/std@0.152.0/node/internal/crypto/_keys.ts": "7f993ece8c8e94a292944518cf4173521c6bf01785e75be014cd45a9cc2e4ad5",
    "https://deno.land/std@0.152.0/node/internal/crypto/constants.ts": "d2c8821977aef55e4d66414d623c24a2447791a8b49b6404b8db32d81e20c315",
    "https://deno.land/std@0.152.0/node/internal/error_codes.ts": "ac03c4eae33de3a69d6c98e8678003207eecf75a6900eb847e3fea3c8c9e6d8f",
    "https://deno.land/std@0.152.0/node/internal/errors.ts": "129686370ff761e8f2aa55d9f56ab4112b4d29438b173462590647220dfb6bb2",
    "https://deno.land/std@0.152.0/node/internal/fixed_queue.ts": "455b3c484de48e810b13bdf95cd1658ecb1ba6bcb8b9315ffe994efcde3ba5f5",
    "https://deno.land/std@0.152.0/node/internal/fs/streams.ts": "c925db185efdf56c35cde8270c07d61698b80603a90e07caf1cb4ff80abf195b",
    "https://deno.land/std@0.152.0/node/internal/fs/utils.mjs": "358c6437d404a1d4acefdade89e91da2002f6f07d8b13b8041434f3ffdc0d928",
    "https://deno.land/std@0.152.0/node/internal/hide_stack_frames.ts": "a91962ec84610bc7ec86022c4593cdf688156a5910c07b5bcd71994225c13a03",
    "https://deno.land/std@0.152.0/node/internal/idna.ts": "a8bdd28431f06630d8aad85d3cb8fd862459107af228c8805373ad2080f1c587",
    "https://deno.land/std@0.152.0/node/internal/net.ts": "1239886cd2508a68624c2dae8abf895e8aa3bb15a748955349f9ac5539032238",
    "https://deno.land/std@0.152.0/node/internal/normalize_encoding.mjs": "3779ec8a7adf5d963b0224f9b85d1bc974a2ec2db0e858396b5d3c2c92138a0a",
    "https://deno.land/std@0.152.0/node/internal/options.ts": "a23c285975e058cb26a19abcb048cd8b46ab12d21cfb028868ac8003fffb43ac",
    "https://deno.land/std@0.152.0/node/internal/process/per_thread.mjs": "bc1be72a6a662bf81573c20fe74893374847a7302065ddf52fb3fb2af505f31f",
    "https://deno.land/std@0.152.0/node/internal/querystring.ts": "c3b23674a379f696e505606ddce9c6feabe9fc497b280c56705c340f4028fe74",
    "https://deno.land/std@0.152.0/node/internal/readline/callbacks.mjs": "1aa7d97dbc10ed85474ca046518793cfe6490ec008aac875bb437ded32f9254e",
    "https://deno.land/std@0.152.0/node/internal/readline/utils.mjs": "a93ebb99f85e0dbb4f05f4aff5583d12a15150e45c335e4ecf925e1879dc9c84",
    "https://deno.land/std@0.152.0/node/internal/streams/_utils.ts": "77fceaa766679847e4d4c3c96b2573c00a790298d90551e8e4df1d5e0fdaad3b",
    "https://deno.land/std@0.152.0/node/internal/streams/add-abort-signal.mjs": "5623b83fa64d439cc4a1f09ae47ec1db29512cc03479389614d8f62a37902f5e",
    "https://deno.land/std@0.152.0/node/internal/streams/buffer_list.mjs": "c6a7b29204fae025ff5e9383332acaea5d44bc7c522a407a79b8f7a6bc6c312d",
    "https://deno.land/std@0.152.0/node/internal/streams/compose.mjs": "b522daab35a80ae62296012a4254fd7edfc0366080ffe63ddda4e38fe6b6803e",
    "https://deno.land/std@0.152.0/node/internal/streams/destroy.mjs": "9c9bbeb172a437041d529829f433df72cf0b63ae49f3ee6080a55ffbef7572ad",
    "https://deno.land/std@0.152.0/node/internal/streams/duplex.mjs": "9ee2cc5d6d23f9be3432a50a7bdd7a15408bac2bfbf9ccd7424342388be6150c",
    "https://deno.land/std@0.152.0/node/internal/streams/end-of-stream.mjs": "38be76eaceac231dfde643e72bc0940625446bf6d1dbd995c91c5ba9fd59b338",
    "https://deno.land/std@0.152.0/node/internal/streams/from.mjs": "134255c698ed63b33199911eb8e042f8f67e9682409bb11552e6120041ed1872",
    "https://deno.land/std@0.152.0/node/internal/streams/legacy.mjs": "6ea28db95d4503447473e62f0b23ff473bfe1751223c33a3c5816652e93b257a",
    "https://deno.land/std@0.152.0/node/internal/streams/passthrough.mjs": "a51074193b959f3103d94de41e23a78dfcff532bdba53af9146b86340d85eded",
    "https://deno.land/std@0.152.0/node/internal/streams/pipeline.mjs": "9890b121759ede869174ef70c011fde964ca94d81f2ed97b8622d7cb17b49285",
    "https://deno.land/std@0.152.0/node/internal/streams/readable.mjs": "d566a47ad3bbda2fbd9e9d77acec729b63813b2f31c7a229526f849619d3dc28",
    "https://deno.land/std@0.152.0/node/internal/streams/state.mjs": "9ef917392a9d8005a6e038260c5fd31518d2753aea0bc9e39824c199310434cb",
    "https://deno.land/std@0.152.0/node/internal/streams/transform.mjs": "3b361abad2ac78f7ccb6f305012bafdc0e983dfa4bb6ecddb4626e34a781a5f5",
    "https://deno.land/std@0.152.0/node/internal/streams/utils.mjs": "06c21d0db0d51f1bf1e3225a661c3c29909be80355d268e64ee5922fc5eb6c5e",
    "https://deno.land/std@0.152.0/node/internal/streams/writable.mjs": "5133c66237bf31043aec98092d1589a14483077424bba862511846e9287d2eae",
    "https://deno.land/std@0.152.0/node/internal/url.ts": "eacef0ace4f4c5394e9818a81499f4871b2a993d1bd3b902047e44a381ef0e22",
    "https://deno.land/std@0.152.0/node/internal/util.mjs": "98b26aa4eb6ca70fe6c140eb296759cea54fe1b46a87a91288073dbc88d46eb0",
    "https://deno.land/std@0.152.0/node/internal/util/comparisons.ts": "666e75e01a85b5d3410e43625ab9fc165811439aa1298c14054acb64b670dc48",
    "https://deno.land/std@0.152.0/node/internal/util/debuglog.ts": "6f12a764f5379e9d2675395d15d2fb48bd7376921ef64006ffb022fc7f44ab82",
    "https://deno.land/std@0.152.0/node/internal/util/inspect.mjs": "1ddace0c97719d2cc0869ba177d375e96051301352ec235cbfb2ecbfcd4e8fba",
    "https://deno.land/std@0.152.0/node/internal/util/types.ts": "bc2d35582946525f6068b678bb798e2a10298fefeefd3cb9b85f6bdc9014da16",
    "https://deno.land/std@0.152.0/node/internal/validators.mjs": "a7e82eafb7deb85c332d5f8d9ffef052f46a42d4a121eada4a54232451acc49a",
    "https://deno.land/std@0.152.0/node/internal_binding/_libuv_winerror.ts": "801e05c2742ae6cd42a5f0fd555a255a7308a65732551e962e5345f55eedc519",
    "https://deno.land/std@0.152.0/node/internal_binding/_listen.ts": "c15a356ef4758770fc72d3ca4db33f0cc321016df1aafb927c027c0d73ac2c42",
    "https://deno.land/std@0.152.0/node/internal_binding/_node.ts": "e4075ba8a37aef4eb5b592c8e3807c39cb49ca8653faf8e01a43421938076c1b",
    "https://deno.land/std@0.152.0/node/internal_binding/_timingSafeEqual.ts": "80640f055101071cb3680a2d8a1fead5fd260ca8bf183efb94296b69463e06cd",
    "https://deno.land/std@0.152.0/node/internal_binding/_utils.ts": "1c50883b5751a9ea1b38951e62ed63bacfdc9d69ea665292edfa28e1b1c5bd94",
    "https://deno.land/std@0.152.0/node/internal_binding/_winerror.ts": "8811d4be66f918c165370b619259c1f35e8c3e458b8539db64c704fbde0a7cd2",
    "https://deno.land/std@0.152.0/node/internal_binding/ares.ts": "33ff8275bc11751219af8bd149ea221c442d7e8676e3e9f20ccb0e1f0aac61b8",
    "https://deno.land/std@0.152.0/node/internal_binding/async_wrap.ts": "b83e4021a4854b2e13720f96d21edc11f9905251c64c1bc625a361f574400959",
    "https://deno.land/std@0.152.0/node/internal_binding/buffer.ts": "781e1d13adc924864e6e37ecb5152e8a4e994cf394695136e451c47f00bda76c",
    "https://deno.land/std@0.152.0/node/internal_binding/cares_wrap.ts": "17ff0dd7dbf77e835a7b8fa5361efd26c0b3d610cba2641e0b613a572ebab412",
    "https://deno.land/std@0.152.0/node/internal_binding/config.ts": "e292217d048a33573966b7d25352828d3282921fbcadce8735a20fb3da370cc4",
    "https://deno.land/std@0.152.0/node/internal_binding/connection_wrap.ts": "0380444ee94d5bd7b0b09921223d16729c9762a94e80b7f51eda49c7f42e6d0a",
    "https://deno.land/std@0.152.0/node/internal_binding/constants.ts": "f4afc504137fb21f3908ab549931604968dfa62432b285a0874f41c4cade9ed2",
    "https://deno.land/std@0.152.0/node/internal_binding/contextify.ts": "e292217d048a33573966b7d25352828d3282921fbcadce8735a20fb3da370cc4",
    "https://deno.land/std@0.152.0/node/internal_binding/credentials.ts": "e292217d048a33573966b7d25352828d3282921fbcadce8735a20fb3da370cc4",
    "https://deno.land/std@0.152.0/node/internal_binding/crypto.ts": "33344221de729bfb06f4953ed9d68efbb7e6412e60ff212883680b4bf08c011f",
    "https://deno.land/std@0.152.0/node/internal_binding/errors.ts": "e292217d048a33573966b7d25352828d3282921fbcadce8735a20fb3da370cc4",
    "https://deno.land/std@0.152.0/node/internal_binding/fs.ts": "e292217d048a33573966b7d25352828d3282921fbcadce8735a20fb3da370cc4",
    "https://deno.land/std@0.152.0/node/internal_binding/fs_dir.ts": "e292217d048a33573966b7d25352828d3282921fbcadce8735a20fb3da370cc4",
    "https://deno.land/std@0.152.0/node/internal_binding/fs_event_wrap.ts": "e292217d048a33573966b7d25352828d3282921fbcadce8735a20fb3da370cc4",
    "https://deno.land/std@0.152.0/node/internal_binding/handle_wrap.ts": "eadbeea68deee9768b50f8f797738a088e8a7a1c9aa7d092c955faeacac53d58",
    "https://deno.land/std@0.152.0/node/internal_binding/heap_utils.ts": "e292217d048a33573966b7d25352828d3282921fbcadce8735a20fb3da370cc4",
    "https://deno.land/std@0.152.0/node/internal_binding/http_parser.ts": "e292217d048a33573966b7d25352828d3282921fbcadce8735a20fb3da370cc4",
    "https://deno.land/std@0.152.0/node/internal_binding/icu.ts": "e292217d048a33573966b7d25352828d3282921fbcadce8735a20fb3da370cc4",
    "https://deno.land/std@0.152.0/node/internal_binding/inspector.ts": "e292217d048a33573966b7d25352828d3282921fbcadce8735a20fb3da370cc4",
    "https://deno.land/std@0.152.0/node/internal_binding/js_stream.ts": "e292217d048a33573966b7d25352828d3282921fbcadce8735a20fb3da370cc4",
    "https://deno.land/std@0.152.0/node/internal_binding/messaging.ts": "e292217d048a33573966b7d25352828d3282921fbcadce8735a20fb3da370cc4",
    "https://deno.land/std@0.152.0/node/internal_binding/mod.ts": "f68e74e8eed84eaa6b0de24f0f4c47735ed46866d7ee1c5a5e7c0667b4f0540f",
    "https://deno.land/std@0.152.0/node/internal_binding/module_wrap.ts": "e292217d048a33573966b7d25352828d3282921fbcadce8735a20fb3da370cc4",
    "https://deno.land/std@0.152.0/node/internal_binding/native_module.ts": "e292217d048a33573966b7d25352828d3282921fbcadce8735a20fb3da370cc4",
    "https://deno.land/std@0.152.0/node/internal_binding/natives.ts": "e292217d048a33573966b7d25352828d3282921fbcadce8735a20fb3da370cc4",
    "https://deno.land/std@0.152.0/node/internal_binding/node_file.ts": "c96ee0b2af319a3916de950a6c4b0d5fb00d09395c51cd239c54d95d62567aaf",
    "https://deno.land/std@0.152.0/node/internal_binding/node_options.ts": "3cd5706153d28a4f5944b8b162c1c61b7b8e368a448fb1a2cff9f7957d3db360",
    "https://deno.land/std@0.152.0/node/internal_binding/options.ts": "e292217d048a33573966b7d25352828d3282921fbcadce8735a20fb3da370cc4",
    "https://deno.land/std@0.152.0/node/internal_binding/os.ts": "e292217d048a33573966b7d25352828d3282921fbcadce8735a20fb3da370cc4",
    "https://deno.land/std@0.152.0/node/internal_binding/performance.ts": "e292217d048a33573966b7d25352828d3282921fbcadce8735a20fb3da370cc4",
    "https://deno.land/std@0.152.0/node/internal_binding/pipe_wrap.ts": "792e3bbcbdb7ce3b51a430a85331a90408113160739d72d050ab243714219430",
    "https://deno.land/std@0.152.0/node/internal_binding/process_methods.ts": "e292217d048a33573966b7d25352828d3282921fbcadce8735a20fb3da370cc4",
    "https://deno.land/std@0.152.0/node/internal_binding/report.ts": "e292217d048a33573966b7d25352828d3282921fbcadce8735a20fb3da370cc4",
    "https://deno.land/std@0.152.0/node/internal_binding/serdes.ts": "e292217d048a33573966b7d25352828d3282921fbcadce8735a20fb3da370cc4",
    "https://deno.land/std@0.152.0/node/internal_binding/signal_wrap.ts": "e292217d048a33573966b7d25352828d3282921fbcadce8735a20fb3da370cc4",
    "https://deno.land/std@0.152.0/node/internal_binding/spawn_sync.ts": "e292217d048a33573966b7d25352828d3282921fbcadce8735a20fb3da370cc4",
    "https://deno.land/std@0.152.0/node/internal_binding/stream_wrap.ts": "7a418a7c57bbfb642a111753c98e9cdfcd4aafa5aec4b48be1dbd62e08c2d9a7",
    "https://deno.land/std@0.152.0/node/internal_binding/string_decoder.ts": "5cb1863763d1e9b458bc21d6f976f16d9c18b3b3f57eaf0ade120aee38fba227",
    "https://deno.land/std@0.152.0/node/internal_binding/symbols.ts": "51cfca9bb6132d42071d4e9e6b68a340a7f274041cfcba3ad02900886e972a6c",
    "https://deno.land/std@0.152.0/node/internal_binding/task_queue.ts": "e292217d048a33573966b7d25352828d3282921fbcadce8735a20fb3da370cc4",
    "https://deno.land/std@0.152.0/node/internal_binding/tcp_wrap.ts": "dc30a903d7589dc82b8056a473b0318ecf3262e5c9e5974375fee8548b847056",
    "https://deno.land/std@0.152.0/node/internal_binding/timers.ts": "e292217d048a33573966b7d25352828d3282921fbcadce8735a20fb3da370cc4",
    "https://deno.land/std@0.152.0/node/internal_binding/tls_wrap.ts": "e292217d048a33573966b7d25352828d3282921fbcadce8735a20fb3da370cc4",
    "https://deno.land/std@0.152.0/node/internal_binding/trace_events.ts": "e292217d048a33573966b7d25352828d3282921fbcadce8735a20fb3da370cc4",
    "https://deno.land/std@0.152.0/node/internal_binding/tty_wrap.ts": "e292217d048a33573966b7d25352828d3282921fbcadce8735a20fb3da370cc4",
    "https://deno.land/std@0.152.0/node/internal_binding/types.ts": "4c26fb74ba2e45de553c15014c916df6789529a93171e450d5afb016b4c765e7",
    "https://deno.land/std@0.152.0/node/internal_binding/udp_wrap.ts": "74ef0ac9bd1e4ad2f2f470edf25a805f9dc7250cd7aaea43116a959da9134590",
    "https://deno.land/std@0.152.0/node/internal_binding/url.ts": "e292217d048a33573966b7d25352828d3282921fbcadce8735a20fb3da370cc4",
    "https://deno.land/std@0.152.0/node/internal_binding/util.ts": "faf5146c3cc3b2d6c26026a818b4a16e91488ab26e63c069f36ba3c3ae24c97b",
    "https://deno.land/std@0.152.0/node/internal_binding/uv.ts": "aa1db842936e77654522d9136bb2ae191bf334423f58962a8a7404b6635b5b49",
    "https://deno.land/std@0.152.0/node/internal_binding/v8.ts": "e292217d048a33573966b7d25352828d3282921fbcadce8735a20fb3da370cc4",
    "https://deno.land/std@0.152.0/node/internal_binding/worker.ts": "e292217d048a33573966b7d25352828d3282921fbcadce8735a20fb3da370cc4",
    "https://deno.land/std@0.152.0/node/internal_binding/zlib.ts": "e292217d048a33573966b7d25352828d3282921fbcadce8735a20fb3da370cc4",
    "https://deno.land/std@0.152.0/node/path.ts": "c65858e9cbb52dbc0dd348eefcdc41e82906c39cfa7982f2d4d805e828414b8c",
    "https://deno.land/std@0.152.0/node/path/_constants.ts": "591787ca44a55859644a2d5dbaef43698ab29e72e58fd498ea5e8f78a341ba20",
    "https://deno.land/std@0.152.0/node/path/_interface.ts": "6034ee29f6f295460ec82db1a94df9269aecbb0eceb81be72e9d843f8e8a97e6",
    "https://deno.land/std@0.152.0/node/path/_util.ts": "becaf9186a229200e682512daf2f33e768bbbdfc88fafc405b0287e9120ceabe",
    "https://deno.land/std@0.152.0/node/path/common.ts": "f41a38a0719a1e85aa11c6ba3bea5e37c15dd009d705bd8873f94c833568cbc4",
    "https://deno.land/std@0.152.0/node/path/glob.ts": "d6b64a24f148855a6e8057a171a2f9910c39e492e4ccec482005205b28eb4533",
    "https://deno.land/std@0.152.0/node/path/mod.ts": "f9125e20031aac43eef8baa58d852427c762541574513f6870d1d0abd8103252",
    "https://deno.land/std@0.152.0/node/path/posix.ts": "8d92e4e7a9257eebe13312623a89fa0bdc8f75f81adc66641e10edc0a03bc3dd",
    "https://deno.land/std@0.152.0/node/path/separator.ts": "c908c9c28ebe7f1fea67daaccf84b63af90d882fe986f9fa03af9563a852723a",
    "https://deno.land/std@0.152.0/node/path/win32.ts": "06878dde1d89232c8c0dedd4ebe0420cc0ca73696f6028e4c57f802d9f7998a3",
    "https://deno.land/std@0.152.0/node/process.ts": "92c89735072d9b851a23d449d1f0eb4729248a0ef2633588fb4686e62ec16674",
    "https://deno.land/std@0.152.0/node/querystring.ts": "967b8a7b00a73ebe373666deb3a7e501f164bac27bb342fde7221ecbb3522689",
    "https://deno.land/std@0.152.0/node/stream.ts": "d127faa074a9e3886e4a01dcfe9f9a6a4b5641f76f6acc356e8ded7da5dc2c81",
    "https://deno.land/std@0.152.0/node/stream/promises.mjs": "b263c09f2d6bd715dc514fab3f99cca84f442e2d23e87adbe76e32ea46fc87e6",
    "https://deno.land/std@0.152.0/node/string_decoder.ts": "51ce85a173d2e36ac580d418bb48b804adb41732fc8bd85f7d5d27b7accbc61f",
    "https://deno.land/std@0.152.0/node/url.ts": "67d9f31d041dfbd7720e94d714dc27550d0448869d9a1b03200044ab563401c2",
    "https://deno.land/std@0.152.0/node/util.ts": "63041c2ff43bdad393dacc710cbfabe0a9eead13353bc0f222c46e1dd4035b6a",
    "https://deno.land/std@0.152.0/node/util/types.ts": "5948b43e834f73a4becf85b02049632560c65da9c1127e5c533c83d200d3dfcd",
    "https://deno.land/std@0.152.0/path/_constants.ts": "df1db3ffa6dd6d1252cc9617e5d72165cd2483df90e93833e13580687b6083c3",
    "https://deno.land/std@0.152.0/path/_interface.ts": "ee3b431a336b80cf445441109d089b70d87d5e248f4f90ff906820889ecf8d09",
    "https://deno.land/std@0.152.0/path/_util.ts": "c1e9686d0164e29f7d880b2158971d805b6e0efc3110d0b3e24e4b8af2190d2b",
    "https://deno.land/std@0.152.0/path/common.ts": "bee563630abd2d97f99d83c96c2fa0cca7cee103e8cb4e7699ec4d5db7bd2633",
    "https://deno.land/std@0.152.0/path/glob.ts": "cb5255638de1048973c3e69e420c77dc04f75755524cb3b2e160fe9277d939ee",
    "https://deno.land/std@0.152.0/path/mod.ts": "56fec03ad0ebd61b6ab39ddb9b0ddb4c4a5c9f2f4f632e09dd37ec9ebfd722ac",
    "https://deno.land/std@0.152.0/path/posix.ts": "c1f7afe274290ea0b51da07ee205653b2964bd74909a82deb07b69a6cc383aaa",
    "https://deno.land/std@0.152.0/path/separator.ts": "fe1816cb765a8068afb3e8f13ad272351c85cbc739af56dacfc7d93d710fe0f9",
    "https://deno.land/std@0.152.0/path/win32.ts": "bd7549042e37879c68ff2f8576a25950abbfca1d696d41d82c7bca0b7e6f452c",
    "https://deno.land/std@0.152.0/streams/conversion.ts": "fc3db02026183da795fa32ac7549868e9f19c75ba029d4b4c3739af62b48517a",
    "https://deno.land/std@0.152.0/testing/_diff.ts": "029a00560b0d534bc0046f1bce4bd36b3b41ada3f2a3178c85686eb2ff5f1413",
    "https://deno.land/std@0.152.0/testing/_format.ts": "0d8dc79eab15b67cdc532826213bbe05bccfd276ca473a50a3fc7bbfb7260642",
    "https://deno.land/std@0.152.0/testing/asserts.ts": "093735c88f52bbead7f60a1f7a97a2ce4df3c2d5fab00a46956f20b4a5793ccd",
    "https://deno.land/std@0.161.0/async/abortable.ts": "87aa7230be8360c24ad437212311c9e8d4328854baec27b4c7abb26e85515c06",
    "https://deno.land/std@0.161.0/async/deadline.ts": "48ac998d7564969f3e6ec6b6f9bf0217ebd00239b1b2292feba61272d5dd58d0",
    "https://deno.land/std@0.161.0/async/debounce.ts": "dc8b92d4a4fe7eac32c924f2b8d3e62112530db70cadce27042689d82970b350",
    "https://deno.land/std@0.161.0/async/deferred.ts": "d8fb253ffde2a056e4889ef7e90f3928f28be9f9294b6505773d33f136aab4e6",
    "https://deno.land/std@0.161.0/async/delay.ts": "0419dfc993752849692d1f9647edf13407c7facc3509b099381be99ffbc9d699",
    "https://deno.land/std@0.161.0/async/mod.ts": "dd0a8ed4f3984ffabe2fcca7c9f466b7932d57b1864ffee148a5d5388316db6b",
    "https://deno.land/std@0.161.0/async/mux_async_iterator.ts": "3447b28a2a582224a3d4d3596bccbba6e85040da3b97ed64012f7decce98d093",
    "https://deno.land/std@0.161.0/async/pool.ts": "ef9eb97b388543acbf0ac32647121e4dbe629236899586c4d4311a8770fbb239",
    "https://deno.land/std@0.161.0/async/tee.ts": "9af3a3e7612af75861308b52249e167f5ebc3dcfc8a1a4d45462d96606ee2b70",
    "https://deno.land/std@0.161.0/http/server.ts": "e99c1bee8a3f6571ee4cdeb2966efad465b8f6fe62bec1bdb59c1f007cc4d155",
    "https://deno.land/x/emoji@0.1.2/all.ts": "f308ed6af940c3df7436a80dc8d016c3dcc16c3890a12724cf7e043a9e489a29",
    "https://deno.land/x/emoji@0.1.2/emoji.ts": "e6aa205846a805bca29466d82d24476c9e8aecbee0e477b845d332786c2b1770",
    "https://deno.land/x/emoji@0.1.2/mod.ts": "e466029cda15415de960c53797b739e3034d9e56774895b34a534e054e6f4076",
    "https://deno.land/x/emoji@0.1.2/unicode.ts": "ac8079e8e1da66ae9e601c1fdd0e7641120c2b07ca7bd2875e65fe23e16e6199",
    "https://deno.land/x/gfm@0.1.22/deps.ts": "40d2c2846d5f2a92cc81401099f39f26fc541af000a01ac0dede689646843365",
    "https://deno.land/x/gfm@0.1.22/mod.ts": "cd48d4d317e55f76ed0d45895142f7960af1dd8581abb92de9fec67e12cd1666",
    "https://deno.land/x/gfm@0.1.22/style.js": "8f64515cd70d9446ba6eea180e8203757e1c93920e4fd261d626f57aa0178be3",
    "https://esm.sh/he@1.2.0": "37c953131aac99c2c172972258b57288ea3fa6f9f06f055bcfa6a468e3a0b77a",
    "https://esm.sh/marked@4.0.12": "964ca7a5e74e386117c8525e2e7a6a55ffb377af8b4b3111ed23685c2e0f4467",
    "https://esm.sh/prismjs@1.27.0": "a4a83cc00dae4088c66887639f0d4112862ad935d2869f91d322c46aa3143de7",
    "https://esm.sh/sanitize-html@2.7.0": "cc4965feebc5478f3d14cd87bdb24886acfd5567043b4aa071783d8c2795fe7d",
    "https://esm.sh/twind@0.16.16": "c72a4ba1761bc609109a29398724f1d91e462ad4ea1c1b60a77bb5e3fef2ce8d",
    "https://esm.sh/twind@0.16.16/sheets": "f000cff5efd226407258c2b689fb717803d5aac3b95245f5f42088cd3908e691",
    "https://esm.sh/v92/@types/he@1.1.2/index.d.ts": "61a047439420bbbd844fc7d8413d44b5b14502d06593f560cfa2196aead46933",
    "https://esm.sh/v92/@types/marked@4.0.6/index.d.ts": "09385747bd0df19b73061d7a6b274e98d9424bc26454e7c2884af20055b4b0ce",
    "https://esm.sh/v92/@types/prismjs@1.26.0/index.d.ts": "6484309596f594ae824513336bd2a2e04a1902b06bb149fa904f5cae5fbe5c50",
    "https://esm.sh/v92/@types/sanitize-html@2.6.2/index.d.ts": "2014adb057a07656d6a0a792c34fde478282f1fde0d4d713e2ce5cc3851b19e5",
    "https://esm.sh/v92/deepmerge@4.2.2/deno/deepmerge.js": "00d838cc5c4a490a64bc8e613c19e0f5377d5cabd2c1296df065a324ca6e56e2",
    "https://esm.sh/v92/dom-serializer@1.4.1/deno/dom-serializer.js": "ed1d0b6a2dba6a34c7fada9db54f67b049aeaa5df22abe1a5e6ec5bc598e9b96",
    "https://esm.sh/v92/dom-serializer@1.4.1/lib/index.d.ts": "1f14010cbd487766c2eadb47a2613721b6dd1313c1206fbf188c25a4692738bd",
    "https://esm.sh/v92/domelementtype@2.3.0/deno/domelementtype.js": "2bbc5ada9929825ac019e137ffdb26fcf04e3eaccaf0e8d6786cd1b8bb8b8f63",
    "https://esm.sh/v92/domelementtype@2.3.0/lib/index.d.ts": "e307d69c2e131e39db6038b4bd51916c6cd787e01d730ad0c28c60491d0accf2",
    "https://esm.sh/v92/domhandler@4.3.1/deno/domhandler.js": "ec2619a416122bebaabdfd27101520c76689ea61d987b4b294bfb003f805ecea",
    "https://esm.sh/v92/domhandler@4.3.1/lib/index.d.ts": "3195b6c30cd2b0796fa66ee67798f152525520345fc7592f1d3ea5fe1dddfc03",
    "https://esm.sh/v92/domhandler@4.3.1/lib/node.d.ts": "d07760fd1ad8467d874212a90f4a5504b8224cc425f66c92ff04d99195564c45",
    "https://esm.sh/v92/domutils@2.8.0/deno/domutils.js": "46fce695e76dfb11d81daf97fe6d6036e48148804adb7a4aa16a995297f5ffa2",
    "https://esm.sh/v92/domutils@2.8.0/lib/feeds.d.ts": "1b550f4afd2cef316653bf78d25f92ba9ad27115bd74c8f4f82cb0946c650790",
    "https://esm.sh/v92/domutils@2.8.0/lib/helpers.d.ts": "2273172aaa41887b1a1490510fb7e2ee86d2493bf2e57cf77739dfb4d1c1484c",
    "https://esm.sh/v92/domutils@2.8.0/lib/index.d.ts": "7af8b2da7e38cc7862b5d80b554e97fe90f91f7abc080dabc05ced2a2a34c613",
    "https://esm.sh/v92/domutils@2.8.0/lib/legacy.d.ts": "61728b057d6ef1360e1f000199a6dbf2b1cbe6d24f926c372ccb29b125407423",
    "https://esm.sh/v92/domutils@2.8.0/lib/manipulation.d.ts": "6bdb902afc2ee127fec2c8d1b82577b572b0c7d503a9356dec791709b265fcc3",
    "https://esm.sh/v92/domutils@2.8.0/lib/querying.d.ts": "7bd03fcf3396ee3666b885d947ca87459d1c55ce01d411a5de16a1a2997d441e",
    "https://esm.sh/v92/domutils@2.8.0/lib/stringify.d.ts": "8103a1b8cab88e5ae285870e9fa768abcd50024fc64267baee08b16df06edd94",
    "https://esm.sh/v92/domutils@2.8.0/lib/traversal.d.ts": "4413452e8be0db4b5f3b5e96ebee5b2c33d09436191786cdd3f7d620d12ad607",
    "https://esm.sh/v92/entities@2.2.0/deno/entities.js": "b0dc118f36dbe97389918ed4c225ac3dcf64fc9aff658ceab5ce7763a672d551",
    "https://esm.sh/v92/entities@2.2.0/deno/lib/decode_codepoint.js": "7ea3690d36d2532670799eaaf98ad5787cdeec4c14dd1492b523c3a6495fefdb",
    "https://esm.sh/v92/entities@2.2.0/deno/lib/maps/decode.json.js": "113c8224b88c14815eb319f63b1b6cbf5e2055172fc50cdca82f604977f238f1",
    "https://esm.sh/v92/entities@2.2.0/deno/lib/maps/entities.json.js": "57ea9863c3ff3a0f8016f2b1e27e0a710f51ecd59a98610e375e716c998e0703",
    "https://esm.sh/v92/entities@2.2.0/deno/lib/maps/legacy.json.js": "c158a60b11521df62558565d4c884edf796836ae03f14a555591474acb0cd637",
    "https://esm.sh/v92/entities@2.2.0/deno/lib/maps/xml.json.js": "8fa74d23befb011d835a678a18408cc5dfa4dc07905bc1303d3963b4cdd090af",
    "https://esm.sh/v92/escape-string-regexp@4.0.0/deno/escape-string-regexp.js": "815b74eac82e6d8fef3ff0bf069727a3748296d78b783b1d2b2b7672508a4740",
    "https://esm.sh/v92/he@1.2.0/deno/he.js": "67e5d16a24264bdbe990eaa6dacb635ef508baae7f2bf9cfb9c7f3b7f5c6f8f7",
    "https://esm.sh/v92/htmlparser2@6.1.0/deno/htmlparser2.js": "55a1146a7a60cde4a307ebc4dff7d70130b75bf763954734bb5f4eb0233226dc",
    "https://esm.sh/v92/htmlparser2@6.1.0/lib/FeedHandler.d.ts": "cb2bd84a7a3f565072143feaa96940fc01f961c5f260119d53e1ef5d0f395d97",
    "https://esm.sh/v92/htmlparser2@6.1.0/lib/Parser.d.ts": "26daa558b99b92a1b25067f249c414baed7f0eb30754835d826c9663e04a351c",
    "https://esm.sh/v92/htmlparser2@6.1.0/lib/Tokenizer.d.ts": "df60c5f6ceb604bfcf7d777753d94e806d5fb4e1263286b1a21775215a66527f",
    "https://esm.sh/v92/htmlparser2@6.1.0/lib/index.d.ts": "236690cb7fe3b32ab64325f2d2527be2e62e4ee3895129ca3348dd3c8abe93fa",
    "https://esm.sh/v92/is-plain-object@5.0.0/deno/is-plain-object.js": "032e60b40fdde9debaf3774db4dab054a5ed140b9358f1f27284ade53b75e692",
    "https://esm.sh/v92/marked@4.0.12/deno/marked.js": "c2e101d13464e02ffdc6ced8c34badffb6860cac59bde77b2b83b3b4f21aa665",
    "https://esm.sh/v92/nanoid@3.3.4/deno/non-secure.js": "290171f33969da17111e4ce682370feefb71b64fed35e1f2daf9813642d88840",
    "https://esm.sh/v92/parse-srcset@1.0.2/deno/parse-srcset.js": "fd4a1cce0edd9af0f50bd7b36d9a475cc783be059a7c7894bad1800a37c8bda6",
    "https://esm.sh/v92/picocolors@1.0.0/deno/picocolors.js": "c386b0a4952ec6efaf6641f8869438e33dfb63c5d8ec8203f7f32b492a8aec2e",
    "https://esm.sh/v92/postcss@8.4.16/deno/postcss.js": "453a70a0e8c1dacca9ff1454939e3fd0dd69418c101e26c3e444beea6957834a",
    "https://esm.sh/v92/prismjs@1.27.0/deno/prismjs.js": "194e7fb6a3733fe07df754418432a80d0ba1af54f4996007de512246c58e80e6",
    "https://esm.sh/v92/sanitize-html@2.7.0/deno/sanitize-html.js": "edc3d2f6cc05086ea43631b003a75b41e888ba201d8e5216ce050c68a1963f0f",
    "https://esm.sh/v92/source-map-js@1.0.2/deno/source-map-js.js": "2dcfe0b26c7bc926fe619d644cad9e74f079a69a4e5ccacc39849d305dc5626e",
    "https://esm.sh/v97/csstype@3.1.1/index.d.ts": "1c29793071152b207c01ea1954e343be9a44d85234447b2b236acae9e709a383",
    "https://esm.sh/v97/style-vendorizer@2.2.3/deno/style-vendorizer.js": "bacdb96f034bbdae11a8d90427a6d49270d28d5939f02dbf0e7d0e52491ff9e3",
    "https://esm.sh/v97/twind@0.16.16/deno/sheets.js": "03302a6053ec3edb2de83378d0f570372c0df43d74aa6428037d935cb7d9e75d",
    "https://esm.sh/v97/twind@0.16.16/deno/twind.js": "5ca93949258ae1deb5233bf7d22f0f85ff5b6a0ecb6a3a059316f36956b3b854",
    "https://esm.sh/v97/twind@0.16.16/sheets/sheets.d.ts": "a3cfbd0363fcc7fded2090b74c763edc89cac0140fd32da3ba583975a641681b",
    "https://esm.sh/v97/twind@0.16.16/twind.d.ts": "81dcc4a7ae0cb8a4efd7d3e479a640def1c13d1e5edf9e0a5492b1112402d731"
  }
}
